{
  "name": "github-classroom-plagiarism-checker",
  "version": "1.0.0",
  "lockfileVersion": 3,
  "requires": true,
  "packages": {
    "": {
      "name": "github-classroom-plagiarism-checker",
      "version": "1.0.0",
      "license": "ISC",
      "dependencies": {
        "lodash.kebabcase": "^4.1.1",
        "strip-color": "^0.1.0",
        "zx": "^8.8.5"
      }
    },
    "node_modules/lodash.kebabcase": {
      "version": "4.1.1",
      "resolved": "https://registry.npmjs.org/lodash.kebabcase/-/lodash.kebabcase-4.1.1.tgz",
      "integrity": "sha512-N8XRTIMMqqDgSy4VLKPnJ/+hpGZN+PHQiJnSenYqPaVV/NCqEogTnAdZLQiGKhxX+JCs8waWq2t1XHWKOmlY8g==",
      "license": "MIT"
    },
    "node_modules/strip-color": {
      "version": "0.1.0",
      "resolved": "https://registry.npmjs.org/strip-color/-/strip-color-0.1.0.tgz",
      "integrity": "sha512-p9LsUieSjWNNAxVCXLeilaDlmuUOrDS5/dF9znM1nZc7EGX5+zEFC0bEevsNIaldjlks+2jns5Siz6F9iK6jwA==",
      "license": "MIT",
      "engines": {
        "node": ">=0.10.0"
      }
    },
    "node_modules/zx": {
      "version": "8.8.5",
      "resolved": "https://registry.npmjs.org/zx/-/zx-8.8.5.tgz",
      "integrity": "sha512-SNgDF5L0gfN7FwVOdEFguY3orU5AkfFZm9B5YSHog/UDHv+lvmd82ZAsOenOkQixigwH2+yyH198AwNdKhj+RA==",
      "license": "Apache-2.0",
      "bin": {
        "zx": "build/cli.js"
      },
      "engines": {
        "node": ">= 12.17.0"
      }
    }
  }
}
